// !$*UTF8*$!
{
	archiveVersion = 1;
	classes = {
	};
	objectVersion = 46;
	objects = {

/* Begin PBXBuildFile section */
		F68439B01E5F92C90027802C /* AppDelegate.swift in Sources */ = {isa = PBXBuildFile; fileRef = F68439AF1E5F92C90027802C /* AppDelegate.swift */; };
		F68439B21E5F92C90027802C /* LoginController.swift in Sources */ = {isa = PBXBuildFile; fileRef = F68439B11E5F92C90027802C /* LoginController.swift */; };
		F68439B41E5F92C90027802C /* ChatController.swift in Sources */ = {isa = PBXBuildFile; fileRef = F68439B31E5F92C90027802C /* ChatController.swift */; };
		F68439B71E5F92C90027802C /* Main.storyboard in Resources */ = {isa = PBXBuildFile; fileRef = F68439B51E5F92C90027802C /* Main.storyboard */; };
		F68439B91E5F92C90027802C /* Assets.xcassets in Resources */ = {isa = PBXBuildFile; fileRef = F68439B81E5F92C90027802C /* Assets.xcassets */; };
		F68439BC1E5F92C90027802C /* LaunchScreen.storyboard in Resources */ = {isa = PBXBuildFile; fileRef = F68439BA1E5F92C90027802C /* LaunchScreen.storyboard */; };
		F68439C71E5F92C90027802C /* NeuroResIOSTests.swift in Sources */ = {isa = PBXBuildFile; fileRef = F68439C61E5F92C90027802C /* NeuroResIOSTests.swift */; };
		F6E309321E64D527007EE749 /* ChatTableCell.swift in Sources */ = {isa = PBXBuildFile; fileRef = F6E309311E64D527007EE749 /* ChatTableCell.swift */; };
		F6E309341E67B1CB007EE749 /* SlideMenuController.swift in Sources */ = {isa = PBXBuildFile; fileRef = F6E309331E67B1CB007EE749 /* SlideMenuController.swift */; };
		F6F7DE3C1E67CD6700F79E6D /* ChatDescripCell.swift in Sources */ = {isa = PBXBuildFile; fileRef = F6F7DE3B1E67CD6700F79E6D /* ChatDescripCell.swift */; };
		F6F7DE461E69007200F79E6D /* SWRevealViewController.m in Sources */ = {isa = PBXBuildFile; fileRef = F6F7DE451E69007200F79E6D /* SWRevealViewController.m */; };
		F6F7DE481E6CAC1700F79E6D /* ChatHeaderCell.swift in Sources */ = {isa = PBXBuildFile; fileRef = F6F7DE471E6CAC1700F79E6D /* ChatHeaderCell.swift */; };
		F6F7DE4A1E6D186D00F79E6D /* StaffDescripCell.swift in Sources */ = {isa = PBXBuildFile; fileRef = F6F7DE491E6D186D00F79E6D /* StaffDescripCell.swift */; };
		F6F7DE4C1E6D204600F79E6D /* MoreDescripCell.swift in Sources */ = {isa = PBXBuildFile; fileRef = F6F7DE4B1E6D204600F79E6D /* MoreDescripCell.swift */; };
		F6F7DE501E6DF50A00F79E6D /* SearchController.swift in Sources */ = {isa = PBXBuildFile; fileRef = F6F7DE4F1E6DF50A00F79E6D /* SearchController.swift */; };
		F6F7DE541E736DE900F79E6D /* StaffNameDescripCell.swift in Sources */ = {isa = PBXBuildFile; fileRef = F6F7DE531E736DE900F79E6D /* StaffNameDescripCell.swift */; };
		F6F7DE561E76061700F79E6D /* SearchResult.swift in Sources */ = {isa = PBXBuildFile; fileRef = F6F7DE551E76061700F79E6D /* SearchResult.swift */; };
/* End PBXBuildFile section */

/* Begin PBXContainerItemProxy section */
		F68439C31E5F92C90027802C /* PBXContainerItemProxy */ = {
			isa = PBXContainerItemProxy;
			containerPortal = F68439A41E5F92C90027802C /* Project object */;
			proxyType = 1;
			remoteGlobalIDString = F68439AB1E5F92C90027802C;
			remoteInfo = NeuroResIOS;
		};
/* End PBXContainerItemProxy section */

/* Begin PBXFileReference section */
		F68439AC1E5F92C90027802C /* NeuroResIOS.app */ = {isa = PBXFileReference; explicitFileType = wrapper.application; includeInIndex = 0; path = NeuroResIOS.app; sourceTree = BUILT_PRODUCTS_DIR; };
		F68439AF1E5F92C90027802C /* AppDelegate.swift */ = {isa = PBXFileReference; lastKnownFileType = sourcecode.swift; path = AppDelegate.swift; sourceTree = "<group>"; };
		F68439B11E5F92C90027802C /* LoginController.swift */ = {isa = PBXFileReference; lastKnownFileType = sourcecode.swift; path = LoginController.swift; sourceTree = "<group>"; };
		F68439B31E5F92C90027802C /* ChatController.swift */ = {isa = PBXFileReference; lastKnownFileType = sourcecode.swift; path = ChatController.swift; sourceTree = "<group>"; };
		F68439B61E5F92C90027802C /* Base */ = {isa = PBXFileReference; lastKnownFileType = file.storyboard; name = Base; path = Base.lproj/Main.storyboard; sourceTree = "<group>"; };
		F68439B81E5F92C90027802C /* Assets.xcassets */ = {isa = PBXFileReference; lastKnownFileType = folder.assetcatalog; path = Assets.xcassets; sourceTree = "<group>"; };
		F68439BB1E5F92C90027802C /* Base */ = {isa = PBXFileReference; lastKnownFileType = file.storyboard; name = Base; path = Base.lproj/LaunchScreen.storyboard; sourceTree = "<group>"; };
		F68439BD1E5F92C90027802C /* Info.plist */ = {isa = PBXFileReference; lastKnownFileType = text.plist.xml; path = Info.plist; sourceTree = "<group>"; };
		F68439C21E5F92C90027802C /* NeuroResIOSTests.xctest */ = {isa = PBXFileReference; explicitFileType = wrapper.cfbundle; includeInIndex = 0; path = NeuroResIOSTests.xctest; sourceTree = BUILT_PRODUCTS_DIR; };
		F68439C61E5F92C90027802C /* NeuroResIOSTests.swift */ = {isa = PBXFileReference; lastKnownFileType = sourcecode.swift; path = NeuroResIOSTests.swift; sourceTree = "<group>"; };
		F68439C81E5F92C90027802C /* Info.plist */ = {isa = PBXFileReference; lastKnownFileType = text.plist.xml; path = Info.plist; sourceTree = "<group>"; };
		F6E309311E64D527007EE749 /* ChatTableCell.swift */ = {isa = PBXFileReference; fileEncoding = 4; lastKnownFileType = sourcecode.swift; name = ChatTableCell.swift; path = ../ChatTableCell.swift; sourceTree = "<group>"; };
		F6E309331E67B1CB007EE749 /* SlideMenuController.swift */ = {isa = PBXFileReference; fileEncoding = 4; lastKnownFileType = sourcecode.swift; path = SlideMenuController.swift; sourceTree = "<group>"; };
		F6F7DE3B1E67CD6700F79E6D /* ChatDescripCell.swift */ = {isa = PBXFileReference; fileEncoding = 4; lastKnownFileType = sourcecode.swift; path = ChatDescripCell.swift; sourceTree = "<group>"; };
		F6F7DE431E69007100F79E6D /* NeuroResIOS-Bridging-Header.h */ = {isa = PBXFileReference; lastKnownFileType = sourcecode.c.h; path = "NeuroResIOS-Bridging-Header.h"; sourceTree = "<group>"; };
		F6F7DE441E69007200F79E6D /* SWRevealViewController.h */ = {isa = PBXFileReference; fileEncoding = 4; lastKnownFileType = sourcecode.c.h; path = SWRevealViewController.h; sourceTree = "<group>"; };
		F6F7DE451E69007200F79E6D /* SWRevealViewController.m */ = {isa = PBXFileReference; fileEncoding = 4; lastKnownFileType = sourcecode.c.objc; path = SWRevealViewController.m; sourceTree = "<group>"; };
		F6F7DE471E6CAC1700F79E6D /* ChatHeaderCell.swift */ = {isa = PBXFileReference; fileEncoding = 4; lastKnownFileType = sourcecode.swift; path = ChatHeaderCell.swift; sourceTree = "<group>"; };
		F6F7DE491E6D186D00F79E6D /* StaffDescripCell.swift */ = {isa = PBXFileReference; fileEncoding = 4; lastKnownFileType = sourcecode.swift; path = StaffDescripCell.swift; sourceTree = "<group>"; };
		F6F7DE4B1E6D204600F79E6D /* MoreDescripCell.swift */ = {isa = PBXFileReference; fileEncoding = 4; lastKnownFileType = sourcecode.swift; name = MoreDescripCell.swift; path = ../MoreDescripCell.swift; sourceTree = "<group>"; };
		F6F7DE4F1E6DF50A00F79E6D /* SearchController.swift */ = {isa = PBXFileReference; fileEncoding = 4; lastKnownFileType = sourcecode.swift; name = SearchController.swift; path = ../SearchController.swift; sourceTree = "<group>"; };
		F6F7DE531E736DE900F79E6D /* StaffNameDescripCell.swift */ = {isa = PBXFileReference; fileEncoding = 4; lastKnownFileType = sourcecode.swift; name = StaffNameDescripCell.swift; path = ../StaffNameDescripCell.swift; sourceTree = "<group>"; };
		F6F7DE551E76061700F79E6D /* SearchResult.swift */ = {isa = PBXFileReference; fileEncoding = 4; lastKnownFileType = sourcecode.swift; path = SearchResult.swift; sourceTree = "<group>"; };
/* End PBXFileReference section */

/* Begin PBXFrameworksBuildPhase section */
		F68439A91E5F92C90027802C /* Frameworks */ = {
			isa = PBXFrameworksBuildPhase;
			buildActionMask = 2147483647;
			files = (
			);
			runOnlyForDeploymentPostprocessing = 0;
		};
		F68439BF1E5F92C90027802C /* Frameworks */ = {
			isa = PBXFrameworksBuildPhase;
			buildActionMask = 2147483647;
			files = (
			);
			runOnlyForDeploymentPostprocessing = 0;
		};
/* End PBXFrameworksBuildPhase section */

/* Begin PBXGroup section */
		F68439A31E5F92C90027802C = {
			isa = PBXGroup;
			children = (
				F68439AE1E5F92C90027802C /* NeuroResIOS */,
				F68439C51E5F92C90027802C /* NeuroResIOSTests */,
				F68439AD1E5F92C90027802C /* Products */,
			);
			sourceTree = "<group>";
		};
		F68439AD1E5F92C90027802C /* Products */ = {
			isa = PBXGroup;
			children = (
				F68439AC1E5F92C90027802C /* NeuroResIOS.app */,
				F68439C21E5F92C90027802C /* NeuroResIOSTests.xctest */,
			);
			name = Products;
			sourceTree = "<group>";
		};
		F68439AE1E5F92C90027802C /* NeuroResIOS */ = {
			isa = PBXGroup;
			children = (
				F6F7DE421E69005500F79E6D /* SWRevealViewController */,
				F68439AF1E5F92C90027802C /* AppDelegate.swift */,
				F6F7DE4F1E6DF50A00F79E6D /* SearchController.swift */,
				F6F7DE551E76061700F79E6D /* SearchResult.swift */,
				F6F7DE471E6CAC1700F79E6D /* ChatHeaderCell.swift */,
				F6F7DE491E6D186D00F79E6D /* StaffDescripCell.swift */,
				F6F7DE531E736DE900F79E6D /* StaffNameDescripCell.swift */,
				F6F7DE3B1E67CD6700F79E6D /* ChatDescripCell.swift */,
				F6F7DE4B1E6D204600F79E6D /* MoreDescripCell.swift */,
				F6E309331E67B1CB007EE749 /* SlideMenuController.swift */,
				F68439B11E5F92C90027802C /* LoginController.swift */,
				F68439B31E5F92C90027802C /* ChatController.swift */,
				F6E309311E64D527007EE749 /* ChatTableCell.swift */,
				F68439B51E5F92C90027802C /* Main.storyboard */,
				F68439B81E5F92C90027802C /* Assets.xcassets */,
				F68439BA1E5F92C90027802C /* LaunchScreen.storyboard */,
				F68439BD1E5F92C90027802C /* Info.plist */,
			);
			path = NeuroResIOS;
			sourceTree = "<group>";
		};
		F68439C51E5F92C90027802C /* NeuroResIOSTests */ = {
			isa = PBXGroup;
			children = (
				F68439C61E5F92C90027802C /* NeuroResIOSTests.swift */,
				F68439C81E5F92C90027802C /* Info.plist */,
			);
			path = NeuroResIOSTests;
			sourceTree = "<group>";
		};
		F6F7DE421E69005500F79E6D /* SWRevealViewController */ = {
			isa = PBXGroup;
			children = (
				F6F7DE441E69007200F79E6D /* SWRevealViewController.h */,
				F6F7DE451E69007200F79E6D /* SWRevealViewController.m */,
				F6F7DE431E69007100F79E6D /* NeuroResIOS-Bridging-Header.h */,
			);
			name = SWRevealViewController;
			sourceTree = "<group>";
		};
/* End PBXGroup section */

/* Begin PBXNativeTarget section */
		F68439AB1E5F92C90027802C /* NeuroResIOS */ = {
			isa = PBXNativeTarget;
			buildConfigurationList = F68439CB1E5F92C90027802C /* Build configuration list for PBXNativeTarget "NeuroResIOS" */;
			buildPhases = (
				F68439A81E5F92C90027802C /* Sources */,
				F68439A91E5F92C90027802C /* Frameworks */,
				F68439AA1E5F92C90027802C /* Resources */,
			);
			buildRules = (
			);
			dependencies = (
			);
			name = NeuroResIOS;
			productName = NeuroResIOS;
			productReference = F68439AC1E5F92C90027802C /* NeuroResIOS.app */;
			productType = "com.apple.product-type.application";
		};
		F68439C11E5F92C90027802C /* NeuroResIOSTests */ = {
			isa = PBXNativeTarget;
			buildConfigurationList = F68439CE1E5F92C90027802C /* Build configuration list for PBXNativeTarget "NeuroResIOSTests" */;
			buildPhases = (
				F68439BE1E5F92C90027802C /* Sources */,
				F68439BF1E5F92C90027802C /* Frameworks */,
				F68439C01E5F92C90027802C /* Resources */,
			);
			buildRules = (
			);
			dependencies = (
				F68439C41E5F92C90027802C /* PBXTargetDependency */,
			);
			name = NeuroResIOSTests;
			productName = NeuroResIOSTests;
			productReference = F68439C21E5F92C90027802C /* NeuroResIOSTests.xctest */;
			productType = "com.apple.product-type.bundle.unit-test";
		};
/* End PBXNativeTarget section */

/* Begin PBXProject section */
		F68439A41E5F92C90027802C /* Project object */ = {
			isa = PBXProject;
			attributes = {
				LastSwiftUpdateCheck = 0820;
				LastUpgradeCheck = 0820;
				ORGANIZATIONNAME = "Charles McKay";
				TargetAttributes = {
					F68439AB1E5F92C90027802C = {
						CreatedOnToolsVersion = 8.2.1;
						LastSwiftMigration = 0820;
						ProvisioningStyle = Automatic;
					};
					F68439C11E5F92C90027802C = {
						CreatedOnToolsVersion = 8.2.1;
						ProvisioningStyle = Automatic;
						TestTargetID = F68439AB1E5F92C90027802C;
					};
				};
			};
			buildConfigurationList = F68439A71E5F92C90027802C /* Build configuration list for PBXProject "NeuroResIOS" */;
			compatibilityVersion = "Xcode 3.2";
			developmentRegion = English;
			hasScannedForEncodings = 0;
			knownRegions = (
				en,
				Base,
			);
			mainGroup = F68439A31E5F92C90027802C;
			productRefGroup = F68439AD1E5F92C90027802C /* Products */;
			projectDirPath = "";
			projectRoot = "";
			targets = (
				F68439AB1E5F92C90027802C /* NeuroResIOS */,
				F68439C11E5F92C90027802C /* NeuroResIOSTests */,
			);
		};
/* End PBXProject section */

/* Begin PBXResourcesBuildPhase section */
		F68439AA1E5F92C90027802C /* Resources */ = {
			isa = PBXResourcesBuildPhase;
			buildActionMask = 2147483647;
			files = (
				F68439BC1E5F92C90027802C /* LaunchScreen.storyboard in Resources */,
				F68439B91E5F92C90027802C /* Assets.xcassets in Resources */,
				F68439B71E5F92C90027802C /* Main.storyboard in Resources */,
			);
			runOnlyForDeploymentPostprocessing = 0;
		};
		F68439C01E5F92C90027802C /* Resources */ = {
			isa = PBXResourcesBuildPhase;
			buildActionMask = 2147483647;
			files = (
			);
			runOnlyForDeploymentPostprocessing = 0;
		};
/* End PBXResourcesBuildPhase section */

/* Begin PBXSourcesBuildPhase section */
		F68439A81E5F92C90027802C /* Sources */ = {
			isa = PBXSourcesBuildPhase;
			buildActionMask = 2147483647;
			files = (
				F6F7DE4C1E6D204600F79E6D /* MoreDescripCell.swift in Sources */,
				F68439B41E5F92C90027802C /* ChatController.swift in Sources */,
				F6F7DE481E6CAC1700F79E6D /* ChatHeaderCell.swift in Sources */,
				F68439B01E5F92C90027802C /* AppDelegate.swift in Sources */,
				F6F7DE541E736DE900F79E6D /* StaffNameDescripCell.swift in Sources */,
				F6F7DE3C1E67CD6700F79E6D /* ChatDescripCell.swift in Sources */,
				F6F7DE461E69007200F79E6D /* SWRevealViewController.m in Sources */,
				F6F7DE561E76061700F79E6D /* SearchResult.swift in Sources */,
				F6F7DE4A1E6D186D00F79E6D /* StaffDescripCell.swift in Sources */,
				F6E309321E64D527007EE749 /* ChatTableCell.swift in Sources */,
				F6F7DE501E6DF50A00F79E6D /* SearchController.swift in Sources */,
				F68439B21E5F92C90027802C /* LoginController.swift in Sources */,
				F6E309341E67B1CB007EE749 /* SlideMenuController.swift in Sources */,
			);
			runOnlyForDeploymentPostprocessing = 0;
		};
		F68439BE1E5F92C90027802C /* Sources */ = {
			isa = PBXSourcesBuildPhase;
			buildActionMask = 2147483647;
			files = (
				F68439C71E5F92C90027802C /* NeuroResIOSTests.swift in Sources */,
			);
			runOnlyForDeploymentPostprocessing = 0;
		};
/* End PBXSourcesBuildPhase section */

/* Begin PBXTargetDependency section */
		F68439C41E5F92C90027802C /* PBXTargetDependency */ = {
			isa = PBXTargetDependency;
			target = F68439AB1E5F92C90027802C /* NeuroResIOS */;
			targetProxy = F68439C31E5F92C90027802C /* PBXContainerItemProxy */;
		};
/* End PBXTargetDependency section */

/* Begin PBXVariantGroup section */
		F68439B51E5F92C90027802C /* Main.storyboard */ = {
			isa = PBXVariantGroup;
			children = (
				F68439B61E5F92C90027802C /* Base */,
			);
			name = Main.storyboard;
			sourceTree = "<group>";
		};
		F68439BA1E5F92C90027802C /* LaunchScreen.storyboard */ = {
			isa = PBXVariantGroup;
			children = (
				F68439BB1E5F92C90027802C /* Base */,
			);
			name = LaunchScreen.storyboard;
			sourceTree = "<group>";
		};
/* End PBXVariantGroup section */

/* Begin XCBuildConfiguration section */
		F68439C91E5F92C90027802C /* Debug */ = {
			isa = XCBuildConfiguration;
			buildSettings = {
				ALWAYS_SEARCH_USER_PATHS = NO;
				CLANG_ANALYZER_NONNULL = YES;
				CLANG_CXX_LANGUAGE_STANDARD = "gnu++0x";
				CLANG_CXX_LIBRARY = "libc++";
				CLANG_ENABLE_MODULES = YES;
				CLANG_ENABLE_OBJC_ARC = YES;
				CLANG_WARN_BOOL_CONVERSION = YES;
				CLANG_WARN_CONSTANT_CONVERSION = YES;
				CLANG_WARN_DIRECT_OBJC_ISA_USAGE = YES_ERROR;
				CLANG_WARN_DOCUMENTATION_COMMENTS = YES;
				CLANG_WARN_EMPTY_BODY = YES;
				CLANG_WARN_ENUM_CONVERSION = YES;
				CLANG_WARN_INFINITE_RECURSION = YES;
				CLANG_WARN_INT_CONVERSION = YES;
				CLANG_WARN_OBJC_ROOT_CLASS = YES_ERROR;
				CLANG_WARN_SUSPICIOUS_MOVE = YES;
				CLANG_WARN_UNREACHABLE_CODE = YES;
				CLANG_WARN__DUPLICATE_METHOD_MATCH = YES;
				"CODE_SIGN_IDENTITY[sdk=iphoneos*]" = "iPhone Developer";
				COPY_PHASE_STRIP = NO;
				DEBUG_INFORMATION_FORMAT = dwarf;
				ENABLE_STRICT_OBJC_MSGSEND = YES;
				ENABLE_TESTABILITY = YES;
				GCC_C_LANGUAGE_STANDARD = gnu99;
				GCC_DYNAMIC_NO_PIC = NO;
				GCC_NO_COMMON_BLOCKS = YES;
				GCC_OPTIMIZATION_LEVEL = 0;
				GCC_PREPROCESSOR_DEFINITIONS = (
					"DEBUG=1",
					"$(inherited)",
				);
				GCC_WARN_64_TO_32_BIT_CONVERSION = YES;
				GCC_WARN_ABOUT_RETURN_TYPE = YES_ERROR;
				GCC_WARN_UNDECLARED_SELECTOR = YES;
				GCC_WARN_UNINITIALIZED_AUTOS = YES_AGGRESSIVE;
				GCC_WARN_UNUSED_FUNCTION = YES;
				GCC_WARN_UNUSED_VARIABLE = YES;
				IPHONEOS_DEPLOYMENT_TARGET = 10.2;
				MTL_ENABLE_DEBUG_INFO = YES;
				ONLY_ACTIVE_ARCH = YES;
				SDKROOT = iphoneos;
				SWIFT_ACTIVE_COMPILATION_CONDITIONS = DEBUG;
				SWIFT_OPTIMIZATION_LEVEL = "-Onone";
				TARGETED_DEVICE_FAMILY = "1,2";
			};
			name = Debug;
		};
		F68439CA1E5F92C90027802C /* Release */ = {
			isa = XCBuildConfiguration;
			buildSettings = {
				ALWAYS_SEARCH_USER_PATHS = NO;
				CLANG_ANALYZER_NONNULL = YES;
				CLANG_CXX_LANGUAGE_STANDARD = "gnu++0x";
				CLANG_CXX_LIBRARY = "libc++";
				CLANG_ENABLE_MODULES = YES;
				CLANG_ENABLE_OBJC_ARC = YES;
				CLANG_WARN_BOOL_CONVERSION = YES;
				CLANG_WARN_CONSTANT_CONVERSION = YES;
				CLANG_WARN_DIRECT_OBJC_ISA_USAGE = YES_ERROR;
				CLANG_WARN_DOCUMENTATION_COMMENTS = YES;
				CLANG_WARN_EMPTY_BODY = YES;
				CLANG_WARN_ENUM_CONVERSION = YES;
				CLANG_WARN_INFINITE_RECURSION = YES;
				CLANG_WARN_INT_CONVERSION = YES;
				CLANG_WARN_OBJC_ROOT_CLASS = YES_ERROR;
				CLANG_WARN_SUSPICIOUS_MOVE = YES;
				CLANG_WARN_UNREACHABLE_CODE = YES;
				CLANG_WARN__DUPLICATE_METHOD_MATCH = YES;
				"CODE_SIGN_IDENTITY[sdk=iphoneos*]" = "iPhone Developer";
				COPY_PHASE_STRIP = NO;
				DEBUG_INFORMATION_FORMAT = "dwarf-with-dsym";
				ENABLE_NS_ASSERTIONS = NO;
				ENABLE_STRICT_OBJC_MSGSEND = YES;
				GCC_C_LANGUAGE_STANDARD = gnu99;
				GCC_NO_COMMON_BLOCKS = YES;
				GCC_WARN_64_TO_32_BIT_CONVERSION = YES;
				GCC_WARN_ABOUT_RETURN_TYPE = YES_ERROR;
				GCC_WARN_UNDECLARED_SELECTOR = YES;
				GCC_WARN_UNINITIALIZED_AUTOS = YES_AGGRESSIVE;
				GCC_WARN_UNUSED_FUNCTION = YES;
				GCC_WARN_UNUSED_VARIABLE = YES;
				IPHONEOS_DEPLOYMENT_TARGET = 10.2;
				MTL_ENABLE_DEBUG_INFO = NO;
				SDKROOT = iphoneos;
				SWIFT_OPTIMIZATION_LEVEL = "-Owholemodule";
				TARGETED_DEVICE_FAMILY = "1,2";
				VALIDATE_PRODUCT = YES;
			};
			name = Release;
		};
		F68439CC1E5F92C90027802C /* Debug */ = {
			isa = XCBuildConfiguration;
			buildSettings = {
				ASSETCATALOG_COMPILER_APPICON_NAME = AppIcon;
				CLANG_ENABLE_MODULES = YES;
				INFOPLIST_FILE = NeuroResIOS/Info.plist;
				LD_RUNPATH_SEARCH_PATHS = "$(inherited) @executable_path/Frameworks";
				PRODUCT_BUNDLE_IDENTIFIER = com.example.NeuroResIOS;
				PRODUCT_NAME = "$(TARGET_NAME)";
				SWIFT_OBJC_BRIDGING_HEADER = "NeuroResIOS/NeuroResIOS-Bridging-Header.h";
				SWIFT_OPTIMIZATION_LEVEL = "-Onone";
				SWIFT_VERSION = 3.0;
			};
			name = Debug;
		};
		F68439CD1E5F92C90027802C /* Release */ = {
			isa = XCBuildConfiguration;
			buildSettings = {
				ASSETCATALOG_COMPILER_APPICON_NAME = AppIcon;
				CLANG_ENABLE_MODULES = YES;
				INFOPLIST_FILE = NeuroResIOS/Info.plist;
				LD_RUNPATH_SEARCH_PATHS = "$(inherited) @executable_path/Frameworks";
				PRODUCT_BUNDLE_IDENTIFIER = com.example.NeuroResIOS;
				PRODUCT_NAME = "$(TARGET_NAME)";
				SWIFT_OBJC_BRIDGING_HEADER = "NeuroResIOS/NeuroResIOS-Bridging-Header.h";
				SWIFT_VERSION = 3.0;
			};
			name = Release;
		};
		F68439CF1E5F92C90027802C /* Debug */ = {
			isa = XCBuildConfiguration;
			buildSettings = {
				ALWAYS_EMBED_SWIFT_STANDARD_LIBRARIES = YES;
				BUNDLE_LOADER = "$(TEST_HOST)";
				INFOPLIST_FILE = NeuroResIOSTests/Info.plist;
				LD_RUNPATH_SEARCH_PATHS = "$(inherited) @executable_path/Frameworks @loader_path/Frameworks";
				PRODUCT_BUNDLE_IDENTIFIER = com.example.NeuroResIOSTests;
				PRODUCT_NAME = "$(TARGET_NAME)";
				SWIFT_VERSION = 3.0;
				TEST_HOST = "$(BUILT_PRODUCTS_DIR)/NeuroResIOS.app/NeuroResIOS";
			};
			name = Debug;
		};
		F68439D01E5F92C90027802C /* Release */ = {
			isa = XCBuildConfiguration;
			buildSettings = {
				ALWAYS_EMBED_SWIFT_STANDARD_LIBRARIES = YES;
				BUNDLE_LOADER = "$(TEST_HOST)";
				INFOPLIST_FILE = NeuroResIOSTests/Info.plist;
				LD_RUNPATH_SEARCH_PATHS = "$(inherited) @executable_path/Frameworks @loader_path/Frameworks";
				PRODUCT_BUNDLE_IDENTIFIER = com.example.NeuroResIOSTests;
				PRODUCT_NAME = "$(TARGET_NAME)";
				SWIFT_VERSION = 3.0;
				TEST_HOST = "$(BUILT_PRODUCTS_DIR)/NeuroResIOS.app/NeuroResIOS";
			};
			name = Release;
		};
/* End XCBuildConfiguration section */

/* Begin XCConfigurationList section */
		F68439A71E5F92C90027802C /* Build configuration list for PBXProject "NeuroResIOS" */ = {
			isa = XCConfigurationList;
			buildConfigurations = (
				F68439C91E5F92C90027802C /* Debug */,
				F68439CA1E5F92C90027802C /* Release */,
			);
			defaultConfigurationIsVisible = 0;
			defaultConfigurationName = Release;
		};
		F68439CB1E5F92C90027802C /* Build configuration list for PBXNativeTarget "NeuroResIOS" */ = {
			isa = XCConfigurationList;
			buildConfigurations = (
				F68439CC1E5F92C90027802C /* Debug */,
				F68439CD1E5F92C90027802C /* Release */,
			);
			defaultConfigurationIsVisible = 0;
			defaultConfigurationName = Release;
		};
		F68439CE1E5F92C90027802C /* Build configuration list for PBXNativeTarget "NeuroResIOSTests" */ = {
			isa = XCConfigurationList;
			buildConfigurations = (
				F68439CF1E5F92C90027802C /* Debug */,
				F68439D01E5F92C90027802C /* Release */,
			);
			defaultConfigurationIsVisible = 0;
			defaultConfigurationName = Release;
		};
/* End XCConfigurationList section */
	};
	rootObject = F68439A41E5F92C90027802C /* Project object */;
}
